
Microsoft Visual Studio Solution File, Format Version 12.00
# Visual Studio Version 16
VisualStudioVersion = 16.0.29709.97
MinimumVisualStudioVersion = 10.0.40219.1
Project("{FAE04EC0-301F-11D3-BF4B-00C04F79EFBC}") = "DiceCup", "DiceCup\DiceCup.csproj", "{0D5870B6-9CD4-4160-93E4-6480499BA3B8}"
EndProject
Global
	GlobalSection(SolutionConfigurationPlatforms) = preSolution
		Debug|Any CPU = Debug|Any CPU
		Release|Any CPU = Release|Any CPU
	EndGlobalSection
	GlobalSection(ProjectConfigurationPlatforms) = postSolution
		{0D5870B6-9CD4-4160-93E4-6480499BA3B8}.Debug|Any CPU.ActiveCfg = Debug|Any CPU
		{0D5870B6-9CD4-4160-93E4-6480499BA3B8}.Debug|Any CPU.Build.0 = Debug|Any CPU
		{0D5870B6-9CD4-4160-93E4-6480499BA3B8}.Release|Any CPU.ActiveCfg = Release|Any CPU
		{0D5870B6-9CD4-4160-93E4-6480499BA3B8}.Release|Any CPU.Build.0 = Release|Any CPU
	EndGlobalSection
	GlobalSection(SolutionProperties) = preSolution
		HideSolutionNode = FALSE
	EndGlobalSection
	GlobalSection(ExtensibilityGlobals) = postSolution
		SolutionGuid = {BDA302E6-C246-4D7A-B606-203CAAFBF543}
	EndGlobalSection
EndGlobal
